{
  "name": "test",
  "version": "1.0.0",
  "lockfileVersion": 3,
  "requires": true,
  "packages": {
    "": {
      "name": "test",
      "version": "1.0.0",
      "license": "ISC",
      "dependencies": {
        "two.js": "^0.8.14"
      },
      "devDependencies": {
        "typescript": "^5.5.3"
      }
    },
    "node_modules/two.js": {
      "version": "0.8.14",
      "resolved": "https://registry.npmjs.org/two.js/-/two.js-0.8.14.tgz",
      "integrity": "sha512-l8z10ssKjrJSLbDL0Uoy4CNlML377ubIy2J1kxkAsKkE+ToiUDAvueLmDvVAngFh2fib5HtOWTr9fVIQEVw3vw=="
    },
    "node_modules/typescript": {
      "version": "5.5.3",
      "resolved": "https://registry.npmjs.org/typescript/-/typescript-5.5.3.tgz",
      "integrity": "sha512-/hreyEujaB0w76zKo6717l3L0o/qEUtRgdvUBvlkhoWeOVMjMuHNHk0BRBzikzuGDqNmPQbg5ifMEqsHLiIUcQ==",
      "dev": true,
      "bin": {
        "tsc": "bin/tsc",
        "tsserver": "bin/tsserver"
      },
      "engines": {
        "node": ">=14.17"
      }
    }
  }
}
